// !$*UTF8*$!
{
	archiveVersion = 1;
	classes = {
	};
	objectVersion = 56;
	objects = {

/* Begin PBXBuildFile section */
		C2239C752A1E7167008C3936 /* MainRouter.swift in Sources */ = {isa = PBXBuildFile; fileRef = C2239C6F2A1E7167008C3936 /* MainRouter.swift */; };
		C2239C762A1E7167008C3936 /* MainViewController.swift in Sources */ = {isa = PBXBuildFile; fileRef = C2239C702A1E7167008C3936 /* MainViewController.swift */; };
		C2239C772A1E7167008C3936 /* MainPresenterImp.swift in Sources */ = {isa = PBXBuildFile; fileRef = C2239C712A1E7167008C3936 /* MainPresenterImp.swift */; };
		C2239C782A1E7167008C3936 /* MainConfigurator.swift in Sources */ = {isa = PBXBuildFile; fileRef = C2239C722A1E7167008C3936 /* MainConfigurator.swift */; };
		C2239C812A1E717A008C3936 /* ForecastRouter.swift in Sources */ = {isa = PBXBuildFile; fileRef = C2239C7B2A1E717A008C3936 /* ForecastRouter.swift */; };
		C2239C822A1E717A008C3936 /* ForecastViewController.swift in Sources */ = {isa = PBXBuildFile; fileRef = C2239C7C2A1E717A008C3936 /* ForecastViewController.swift */; };
		C2239C832A1E717A008C3936 /* ForecastPresenterImp.swift in Sources */ = {isa = PBXBuildFile; fileRef = C2239C7D2A1E717A008C3936 /* ForecastPresenterImp.swift */; };
		C2239C842A1E717A008C3936 /* ForecastConfigurator.swift in Sources */ = {isa = PBXBuildFile; fileRef = C2239C7E2A1E717A008C3936 /* ForecastConfigurator.swift */; };
		C2239C8B2A1E71A6008C3936 /* ForecastPresenter.swift in Sources */ = {isa = PBXBuildFile; fileRef = C2239C892A1E71A6008C3936 /* ForecastPresenter.swift */; };
		C2239C8C2A1E71A6008C3936 /* ForecastView.swift in Sources */ = {isa = PBXBuildFile; fileRef = C2239C8A2A1E71A6008C3936 /* ForecastView.swift */; };
		C2239C8F2A1E71B8008C3936 /* MainPresenter.swift in Sources */ = {isa = PBXBuildFile; fileRef = C2239C8D2A1E71B8008C3936 /* MainPresenter.swift */; };
		C2239C902A1E71B8008C3936 /* MainView.swift in Sources */ = {isa = PBXBuildFile; fileRef = C2239C8E2A1E71B8008C3936 /* MainView.swift */; };
		C23F7EB62A1F3EC400BFAE00 /* RequestManager.swift in Sources */ = {isa = PBXBuildFile; fileRef = C23F7EB52A1F3EC400BFAE00 /* RequestManager.swift */; };
		C23F7EB82A1F3ED400BFAE00 /* ApiClient.swift in Sources */ = {isa = PBXBuildFile; fileRef = C23F7EB72A1F3ED400BFAE00 /* ApiClient.swift */; };
		C23F7EBA2A1F3EE000BFAE00 /* RequestSettings.swift in Sources */ = {isa = PBXBuildFile; fileRef = C23F7EB92A1F3EE000BFAE00 /* RequestSettings.swift */; };
		C23F7EBD2A1F518700BFAE00 /* MainVC+CLLocationManagerDelegate.swift in Sources */ = {isa = PBXBuildFile; fileRef = C23F7EBC2A1F518700BFAE00 /* MainVC+CLLocationManagerDelegate.swift */; };
		C23F7EC02A1F770B00BFAE00 /* CityModel.swift in Sources */ = {isa = PBXBuildFile; fileRef = C23F7EBF2A1F770B00BFAE00 /* CityModel.swift */; };
		C23F7EC22A1F773B00BFAE00 /* WeatherModel.swift in Sources */ = {isa = PBXBuildFile; fileRef = C23F7EC12A1F773B00BFAE00 /* WeatherModel.swift */; };
		C23F7EC72A1FA0B900BFAE00 /* Montserrat-Medium.ttf in Resources */ = {isa = PBXBuildFile; fileRef = C23F7EC42A1FA0B900BFAE00 /* Montserrat-Medium.ttf */; };
		C23F7EC82A1FA0B900BFAE00 /* Montserrat-SemiBold.ttf in Resources */ = {isa = PBXBuildFile; fileRef = C23F7EC52A1FA0B900BFAE00 /* Montserrat-SemiBold.ttf */; };
		C23F7EC92A1FA0B900BFAE00 /* Montserrat-Bold.ttf in Resources */ = {isa = PBXBuildFile; fileRef = C23F7EC62A1FA0B900BFAE00 /* Montserrat-Bold.ttf */; };
		C23F7ECB2A1FA6FC00BFAE00 /* MainVC+Views.swift in Sources */ = {isa = PBXBuildFile; fileRef = C23F7ECA2A1FA6FC00BFAE00 /* MainVC+Views.swift */; };
		C23F7ECE2A1FA88100BFAE00 /* ExtLabel.swift in Sources */ = {isa = PBXBuildFile; fileRef = C23F7ECD2A1FA88100BFAE00 /* ExtLabel.swift */; };
		C23F7ED02A1FA8D700BFAE00 /* ExtButton.swift in Sources */ = {isa = PBXBuildFile; fileRef = C23F7ECF2A1FA8D700BFAE00 /* ExtButton.swift */; };
		C23F7ED52A1FBC0D00BFAE00 /* ExtImageView.swift in Sources */ = {isa = PBXBuildFile; fileRef = C23F7ED42A1FBC0D00BFAE00 /* ExtImageView.swift */; };
		C23F7EDE2A1FDBEE00BFAE00 /* SearchCityRouter.swift in Sources */ = {isa = PBXBuildFile; fileRef = C23F7ED82A1FDBEE00BFAE00 /* SearchCityRouter.swift */; };
		C23F7EDF2A1FDBEE00BFAE00 /* SearchCityViewController.swift in Sources */ = {isa = PBXBuildFile; fileRef = C23F7ED92A1FDBEE00BFAE00 /* SearchCityViewController.swift */; };
		C23F7EE02A1FDBEE00BFAE00 /* SearchCityPresenterImp.swift in Sources */ = {isa = PBXBuildFile; fileRef = C23F7EDA2A1FDBEE00BFAE00 /* SearchCityPresenterImp.swift */; };
		C23F7EE12A1FDBEE00BFAE00 /* SearchCityConfigurator.swift in Sources */ = {isa = PBXBuildFile; fileRef = C23F7EDB2A1FDBEE00BFAE00 /* SearchCityConfigurator.swift */; };
		C23F7EE62A1FDBFE00BFAE00 /* SearchCityView.swift in Sources */ = {isa = PBXBuildFile; fileRef = C23F7EE42A1FDBFE00BFAE00 /* SearchCityView.swift */; };
		C23F7EE72A1FDBFE00BFAE00 /* SearchCityPresenter.swift in Sources */ = {isa = PBXBuildFile; fileRef = C23F7EE52A1FDBFE00BFAE00 /* SearchCityPresenter.swift */; };
		C23F7EF32A20979F00BFAE00 /* TableViewCell.swift in Sources */ = {isa = PBXBuildFile; fileRef = C23F7EF22A20979F00BFAE00 /* TableViewCell.swift */; };
		C23F7EF52A2097C600BFAE00 /* ForecastVC+TableView.swift in Sources */ = {isa = PBXBuildFile; fileRef = C23F7EF42A2097C600BFAE00 /* ForecastVC+TableView.swift */; };
		C23F7EF82A20B5EE00BFAE00 /* DescriptionTranslate.swift in Sources */ = {isa = PBXBuildFile; fileRef = C23F7EF72A20B5EE00BFAE00 /* DescriptionTranslate.swift */; };
		C23F7EFA2A20C6C300BFAE00 /* SearchVC+SearchBarDelegate.swift in Sources */ = {isa = PBXBuildFile; fileRef = C23F7EF92A20C6C300BFAE00 /* SearchVC+SearchBarDelegate.swift */; };
		C23F7EFC2A20CA9F00BFAE00 /* SearchVC+TableViewDelegate.swift in Sources */ = {isa = PBXBuildFile; fileRef = C23F7EFB2A20CA9F00BFAE00 /* SearchVC+TableViewDelegate.swift */; };
		C23F7F022A20DDD600BFAE00 /* SearchResultTableViewCell.swift in Sources */ = {isa = PBXBuildFile; fileRef = C23F7F012A20DDD600BFAE00 /* SearchResultTableViewCell.swift */; };
		C23F7F212A2145E800BFAE00 /* DateFormatter.swift in Sources */ = {isa = PBXBuildFile; fileRef = C23F7F202A2145E800BFAE00 /* DateFormatter.swift */; };
		C247CA762A21DCE000990E6C /* CoreDataStack.swift in Sources */ = {isa = PBXBuildFile; fileRef = C247CA752A21DCE000990E6C /* CoreDataStack.swift */; };
		C247CA782A21DFDB00990E6C /* DataGateway.swift in Sources */ = {isa = PBXBuildFile; fileRef = C247CA772A21DFDB00990E6C /* DataGateway.swift */; };
		C247CA7B2A21E4CA00990E6C /* Weather+CoreDataClass.swift in Sources */ = {isa = PBXBuildFile; fileRef = C247CA792A21E4CA00990E6C /* Weather+CoreDataClass.swift */; };
		C247CA7C2A21E4CA00990E6C /* Weather+CoreDataProperties.swift in Sources */ = {isa = PBXBuildFile; fileRef = C247CA7A2A21E4CA00990E6C /* Weather+CoreDataProperties.swift */; };
		C247CA7E2A21F24A00990E6C /* MainVC+AlertController.swift in Sources */ = {isa = PBXBuildFile; fileRef = C247CA7D2A21F24A00990E6C /* MainVC+AlertController.swift */; };
		C247CA812A220D0400990E6C /* Strings.swift in Sources */ = {isa = PBXBuildFile; fileRef = C247CA802A220D0400990E6C /* Strings.swift */; };
		C247CA842A2211B900990E6C /* JustForButtonScene.swift in Sources */ = {isa = PBXBuildFile; fileRef = C247CA832A2211B900990E6C /* JustForButtonScene.swift */; };
		C2D424C32A1E6C01009D3E0F /* AppDelegate.swift in Sources */ = {isa = PBXBuildFile; fileRef = C2D424C22A1E6C01009D3E0F /* AppDelegate.swift */; };
		C2D424C52A1E6C01009D3E0F /* SceneDelegate.swift in Sources */ = {isa = PBXBuildFile; fileRef = C2D424C42A1E6C01009D3E0F /* SceneDelegate.swift */; };
		C2D424CD2A1E6C01009D3E0F /* Weather.xcdatamodeld in Sources */ = {isa = PBXBuildFile; fileRef = C2D424CB2A1E6C01009D3E0F /* Weather.xcdatamodeld */; };
		C2D424CF2A1E6C02009D3E0F /* Assets.xcassets in Resources */ = {isa = PBXBuildFile; fileRef = C2D424CE2A1E6C02009D3E0F /* Assets.xcassets */; };
		C2D424D22A1E6C02009D3E0F /* LaunchScreen.storyboard in Resources */ = {isa = PBXBuildFile; fileRef = C2D424D02A1E6C02009D3E0F /* LaunchScreen.storyboard */; };
		C2D424E42A1E707C009D3E0F /* RootTabBarController.swift in Sources */ = {isa = PBXBuildFile; fileRef = C2D424E32A1E707C009D3E0F /* RootTabBarController.swift */; };
/* End PBXBuildFile section */

/* Begin PBXFileReference section */
		C2239C6F2A1E7167008C3936 /* MainRouter.swift */ = {isa = PBXFileReference; lastKnownFileType = sourcecode.swift; path = MainRouter.swift; sourceTree = "<group>"; };
		C2239C702A1E7167008C3936 /* MainViewController.swift */ = {isa = PBXFileReference; lastKnownFileType = sourcecode.swift; path = MainViewController.swift; sourceTree = "<group>"; };
		C2239C712A1E7167008C3936 /* MainPresenterImp.swift */ = {isa = PBXFileReference; lastKnownFileType = sourcecode.swift; path = MainPresenterImp.swift; sourceTree = "<group>"; };
		C2239C722A1E7167008C3936 /* MainConfigurator.swift */ = {isa = PBXFileReference; lastKnownFileType = sourcecode.swift; path = MainConfigurator.swift; sourceTree = "<group>"; };
		C2239C7B2A1E717A008C3936 /* ForecastRouter.swift */ = {isa = PBXFileReference; lastKnownFileType = sourcecode.swift; path = ForecastRouter.swift; sourceTree = "<group>"; };
		C2239C7C2A1E717A008C3936 /* ForecastViewController.swift */ = {isa = PBXFileReference; lastKnownFileType = sourcecode.swift; path = ForecastViewController.swift; sourceTree = "<group>"; };
		C2239C7D2A1E717A008C3936 /* ForecastPresenterImp.swift */ = {isa = PBXFileReference; lastKnownFileType = sourcecode.swift; path = ForecastPresenterImp.swift; sourceTree = "<group>"; };
		C2239C7E2A1E717A008C3936 /* ForecastConfigurator.swift */ = {isa = PBXFileReference; lastKnownFileType = sourcecode.swift; path = ForecastConfigurator.swift; sourceTree = "<group>"; };
		C2239C892A1E71A6008C3936 /* ForecastPresenter.swift */ = {isa = PBXFileReference; fileEncoding = 4; lastKnownFileType = sourcecode.swift; path = ForecastPresenter.swift; sourceTree = "<group>"; };
		C2239C8A2A1E71A6008C3936 /* ForecastView.swift */ = {isa = PBXFileReference; fileEncoding = 4; lastKnownFileType = sourcecode.swift; path = ForecastView.swift; sourceTree = "<group>"; };
		C2239C8D2A1E71B8008C3936 /* MainPresenter.swift */ = {isa = PBXFileReference; fileEncoding = 4; lastKnownFileType = sourcecode.swift; path = MainPresenter.swift; sourceTree = "<group>"; };
		C2239C8E2A1E71B8008C3936 /* MainView.swift */ = {isa = PBXFileReference; fileEncoding = 4; lastKnownFileType = sourcecode.swift; path = MainView.swift; sourceTree = "<group>"; };
		C23F7EB52A1F3EC400BFAE00 /* RequestManager.swift */ = {isa = PBXFileReference; lastKnownFileType = sourcecode.swift; path = RequestManager.swift; sourceTree = "<group>"; };
		C23F7EB72A1F3ED400BFAE00 /* ApiClient.swift */ = {isa = PBXFileReference; lastKnownFileType = sourcecode.swift; path = ApiClient.swift; sourceTree = "<group>"; };
		C23F7EB92A1F3EE000BFAE00 /* RequestSettings.swift */ = {isa = PBXFileReference; lastKnownFileType = sourcecode.swift; path = RequestSettings.swift; sourceTree = "<group>"; };
		C23F7EBC2A1F518700BFAE00 /* MainVC+CLLocationManagerDelegate.swift */ = {isa = PBXFileReference; lastKnownFileType = sourcecode.swift; path = "MainVC+CLLocationManagerDelegate.swift"; sourceTree = "<group>"; };
		C23F7EBF2A1F770B00BFAE00 /* CityModel.swift */ = {isa = PBXFileReference; lastKnownFileType = sourcecode.swift; path = CityModel.swift; sourceTree = "<group>"; };
		C23F7EC12A1F773B00BFAE00 /* WeatherModel.swift */ = {isa = PBXFileReference; lastKnownFileType = sourcecode.swift; path = WeatherModel.swift; sourceTree = "<group>"; };
		C23F7EC42A1FA0B900BFAE00 /* Montserrat-Medium.ttf */ = {isa = PBXFileReference; lastKnownFileType = file; path = "Montserrat-Medium.ttf"; sourceTree = "<group>"; };
		C23F7EC52A1FA0B900BFAE00 /* Montserrat-SemiBold.ttf */ = {isa = PBXFileReference; lastKnownFileType = file; path = "Montserrat-SemiBold.ttf"; sourceTree = "<group>"; };
		C23F7EC62A1FA0B900BFAE00 /* Montserrat-Bold.ttf */ = {isa = PBXFileReference; lastKnownFileType = file; path = "Montserrat-Bold.ttf"; sourceTree = "<group>"; };
		C23F7ECA2A1FA6FC00BFAE00 /* MainVC+Views.swift */ = {isa = PBXFileReference; lastKnownFileType = sourcecode.swift; path = "MainVC+Views.swift"; sourceTree = "<group>"; };
		C23F7ECD2A1FA88100BFAE00 /* ExtLabel.swift */ = {isa = PBXFileReference; lastKnownFileType = sourcecode.swift; path = ExtLabel.swift; sourceTree = "<group>"; };
		C23F7ECF2A1FA8D700BFAE00 /* ExtButton.swift */ = {isa = PBXFileReference; lastKnownFileType = sourcecode.swift; path = ExtButton.swift; sourceTree = "<group>"; };
		C23F7ED42A1FBC0D00BFAE00 /* ExtImageView.swift */ = {isa = PBXFileReference; lastKnownFileType = sourcecode.swift; path = ExtImageView.swift; sourceTree = "<group>"; };
		C23F7ED82A1FDBEE00BFAE00 /* SearchCityRouter.swift */ = {isa = PBXFileReference; lastKnownFileType = sourcecode.swift; path = SearchCityRouter.swift; sourceTree = "<group>"; };
		C23F7ED92A1FDBEE00BFAE00 /* SearchCityViewController.swift */ = {isa = PBXFileReference; lastKnownFileType = sourcecode.swift; path = SearchCityViewController.swift; sourceTree = "<group>"; };
		C23F7EDA2A1FDBEE00BFAE00 /* SearchCityPresenterImp.swift */ = {isa = PBXFileReference; lastKnownFileType = sourcecode.swift; path = SearchCityPresenterImp.swift; sourceTree = "<group>"; };
		C23F7EDB2A1FDBEE00BFAE00 /* SearchCityConfigurator.swift */ = {isa = PBXFileReference; lastKnownFileType = sourcecode.swift; path = SearchCityConfigurator.swift; sourceTree = "<group>"; };
		C23F7EE42A1FDBFE00BFAE00 /* SearchCityView.swift */ = {isa = PBXFileReference; fileEncoding = 4; lastKnownFileType = sourcecode.swift; path = SearchCityView.swift; sourceTree = "<group>"; };
		C23F7EE52A1FDBFE00BFAE00 /* SearchCityPresenter.swift */ = {isa = PBXFileReference; fileEncoding = 4; lastKnownFileType = sourcecode.swift; path = SearchCityPresenter.swift; sourceTree = "<group>"; };
		C23F7EF22A20979F00BFAE00 /* TableViewCell.swift */ = {isa = PBXFileReference; lastKnownFileType = sourcecode.swift; path = TableViewCell.swift; sourceTree = "<group>"; };
		C23F7EF42A2097C600BFAE00 /* ForecastVC+TableView.swift */ = {isa = PBXFileReference; lastKnownFileType = sourcecode.swift; path = "ForecastVC+TableView.swift"; sourceTree = "<group>"; };
		C23F7EF72A20B5EE00BFAE00 /* DescriptionTranslate.swift */ = {isa = PBXFileReference; lastKnownFileType = sourcecode.swift; path = DescriptionTranslate.swift; sourceTree = "<group>"; };
		C23F7EF92A20C6C300BFAE00 /* SearchVC+SearchBarDelegate.swift */ = {isa = PBXFileReference; lastKnownFileType = sourcecode.swift; path = "SearchVC+SearchBarDelegate.swift"; sourceTree = "<group>"; };
		C23F7EFB2A20CA9F00BFAE00 /* SearchVC+TableViewDelegate.swift */ = {isa = PBXFileReference; lastKnownFileType = sourcecode.swift; path = "SearchVC+TableViewDelegate.swift"; sourceTree = "<group>"; };
		C23F7F012A20DDD600BFAE00 /* SearchResultTableViewCell.swift */ = {isa = PBXFileReference; lastKnownFileType = sourcecode.swift; path = SearchResultTableViewCell.swift; sourceTree = "<group>"; };
		C23F7F202A2145E800BFAE00 /* DateFormatter.swift */ = {isa = PBXFileReference; lastKnownFileType = sourcecode.swift; path = DateFormatter.swift; sourceTree = "<group>"; };
		C247CA752A21DCE000990E6C /* CoreDataStack.swift */ = {isa = PBXFileReference; lastKnownFileType = sourcecode.swift; path = CoreDataStack.swift; sourceTree = "<group>"; };
		C247CA772A21DFDB00990E6C /* DataGateway.swift */ = {isa = PBXFileReference; lastKnownFileType = sourcecode.swift; path = DataGateway.swift; sourceTree = "<group>"; };
		C247CA792A21E4CA00990E6C /* Weather+CoreDataClass.swift */ = {isa = PBXFileReference; lastKnownFileType = sourcecode.swift; path = "Weather+CoreDataClass.swift"; sourceTree = "<group>"; };
		C247CA7A2A21E4CA00990E6C /* Weather+CoreDataProperties.swift */ = {isa = PBXFileReference; lastKnownFileType = sourcecode.swift; path = "Weather+CoreDataProperties.swift"; sourceTree = "<group>"; };
		C247CA7D2A21F24A00990E6C /* MainVC+AlertController.swift */ = {isa = PBXFileReference; lastKnownFileType = sourcecode.swift; path = "MainVC+AlertController.swift"; sourceTree = "<group>"; };
		C247CA802A220D0400990E6C /* Strings.swift */ = {isa = PBXFileReference; lastKnownFileType = sourcecode.swift; path = Strings.swift; sourceTree = "<group>"; };
		C247CA832A2211B900990E6C /* JustForButtonScene.swift */ = {isa = PBXFileReference; lastKnownFileType = sourcecode.swift; path = JustForButtonScene.swift; sourceTree = "<group>"; };
		C2D424BF2A1E6C01009D3E0F /* Weather.app */ = {isa = PBXFileReference; explicitFileType = wrapper.application; includeInIndex = 0; path = Weather.app; sourceTree = BUILT_PRODUCTS_DIR; };
		C2D424C22A1E6C01009D3E0F /* AppDelegate.swift */ = {isa = PBXFileReference; lastKnownFileType = sourcecode.swift; path = AppDelegate.swift; sourceTree = "<group>"; };
		C2D424C42A1E6C01009D3E0F /* SceneDelegate.swift */ = {isa = PBXFileReference; lastKnownFileType = sourcecode.swift; path = SceneDelegate.swift; sourceTree = "<group>"; };
		C2D424CC2A1E6C01009D3E0F /* Weather.xcdatamodel */ = {isa = PBXFileReference; lastKnownFileType = wrapper.xcdatamodel; path = Weather.xcdatamodel; sourceTree = "<group>"; };
		C2D424CE2A1E6C02009D3E0F /* Assets.xcassets */ = {isa = PBXFileReference; lastKnownFileType = folder.assetcatalog; path = Assets.xcassets; sourceTree = "<group>"; };
		C2D424D12A1E6C02009D3E0F /* Base */ = {isa = PBXFileReference; lastKnownFileType = file.storyboard; name = Base; path = Base.lproj/LaunchScreen.storyboard; sourceTree = "<group>"; };
		C2D424D32A1E6C02009D3E0F /* Info.plist */ = {isa = PBXFileReference; lastKnownFileType = text.plist.xml; path = Info.plist; sourceTree = "<group>"; };
		C2D424E32A1E707C009D3E0F /* RootTabBarController.swift */ = {isa = PBXFileReference; lastKnownFileType = sourcecode.swift; path = RootTabBarController.swift; sourceTree = "<group>"; };
/* End PBXFileReference section */

/* Begin PBXFrameworksBuildPhase section */
		C2D424BC2A1E6C01009D3E0F /* Frameworks */ = {
			isa = PBXFrameworksBuildPhase;
			buildActionMask = 2147483647;
			files = (
			);
			runOnlyForDeploymentPostprocessing = 0;
		};
/* End PBXFrameworksBuildPhase section */

/* Begin PBXGroup section */
		C2239C862A1E7185008C3936 /* Protocols */ = {
			isa = PBXGroup;
			children = (
				C2239C8D2A1E71B8008C3936 /* MainPresenter.swift */,
				C2239C8E2A1E71B8008C3936 /* MainView.swift */,
			);
			path = Protocols;
			sourceTree = "<group>";
		};
		C2239C882A1E7199008C3936 /* Protocols */ = {
			isa = PBXGroup;
			children = (
				C2239C892A1E71A6008C3936 /* ForecastPresenter.swift */,
				C2239C8A2A1E71A6008C3936 /* ForecastView.swift */,
			);
			path = Protocols;
			sourceTree = "<group>";
		};
		C23F7EB32A1F3DC600BFAE00 /* Services */ = {
			isa = PBXGroup;
			children = (
				C247CA742A21DC0C00990E6C /* CoreDataService */,
				C23F7F1F2A2145CF00BFAE00 /* DateFormatter */,
				C23F7EF62A20B5CE00BFAE00 /* DescriptionTranslate */,
				C23F7EB42A1F3EB400BFAE00 /* Network Service */,
			);
			path = Services;
			sourceTree = "<group>";
		};
		C23F7EB42A1F3EB400BFAE00 /* Network Service */ = {
			isa = PBXGroup;
			children = (
				C23F7EB52A1F3EC400BFAE00 /* RequestManager.swift */,
				C23F7EB72A1F3ED400BFAE00 /* ApiClient.swift */,
				C23F7EB92A1F3EE000BFAE00 /* RequestSettings.swift */,
			);
			path = "Network Service";
			sourceTree = "<group>";
		};
		C23F7EBB2A1F515400BFAE00 /* VCExtensions */ = {
			isa = PBXGroup;
			children = (
				C23F7EBC2A1F518700BFAE00 /* MainVC+CLLocationManagerDelegate.swift */,
				C23F7ECA2A1FA6FC00BFAE00 /* MainVC+Views.swift */,
				C247CA7D2A21F24A00990E6C /* MainVC+AlertController.swift */,
			);
			path = VCExtensions;
			sourceTree = "<group>";
		};
		C23F7EBE2A1F76F700BFAE00 /* Models */ = {
			isa = PBXGroup;
			children = (
				C23F7EBF2A1F770B00BFAE00 /* CityModel.swift */,
				C23F7EC12A1F773B00BFAE00 /* WeatherModel.swift */,
			);
			path = Models;
			sourceTree = "<group>";
		};
		C23F7EC32A1FA04500BFAE00 /* Fonts */ = {
			isa = PBXGroup;
			children = (
				C23F7EC62A1FA0B900BFAE00 /* Montserrat-Bold.ttf */,
				C23F7EC42A1FA0B900BFAE00 /* Montserrat-Medium.ttf */,
				C23F7EC52A1FA0B900BFAE00 /* Montserrat-SemiBold.ttf */,
			);
			path = Fonts;
			sourceTree = "<group>";
		};
		C23F7ECC2A1FA84100BFAE00 /* Utils */ = {
			isa = PBXGroup;
			children = (
				C23F7ECD2A1FA88100BFAE00 /* ExtLabel.swift */,
				C23F7ECF2A1FA8D700BFAE00 /* ExtButton.swift */,
				C23F7ED42A1FBC0D00BFAE00 /* ExtImageView.swift */,
			);
			path = Utils;
			sourceTree = "<group>";
		};
		C23F7ED62A1FDBD200BFAE00 /* SearchCityScene */ = {
			isa = PBXGroup;
			children = (
				C23F7EEF2A208C7D00BFAE00 /* VCExtensions */,
				C23F7EEE2A208BC300BFAE00 /* Cell */,
				C23F7EE32A1FDBF500BFAE00 /* Protocols */,
				C23F7ED82A1FDBEE00BFAE00 /* SearchCityRouter.swift */,
				C23F7ED92A1FDBEE00BFAE00 /* SearchCityViewController.swift */,
				C23F7EDA2A1FDBEE00BFAE00 /* SearchCityPresenterImp.swift */,
				C23F7EDB2A1FDBEE00BFAE00 /* SearchCityConfigurator.swift */,
			);
			path = SearchCityScene;
			sourceTree = "<group>";
		};
		C23F7EE32A1FDBF500BFAE00 /* Protocols */ = {
			isa = PBXGroup;
			children = (
				C23F7EE52A1FDBFE00BFAE00 /* SearchCityPresenter.swift */,
				C23F7EE42A1FDBFE00BFAE00 /* SearchCityView.swift */,
			);
			path = Protocols;
			sourceTree = "<group>";
		};
		C23F7EEE2A208BC300BFAE00 /* Cell */ = {
			isa = PBXGroup;
			children = (
				C23F7F012A20DDD600BFAE00 /* SearchResultTableViewCell.swift */,
			);
			path = Cell;
			sourceTree = "<group>";
		};
		C23F7EEF2A208C7D00BFAE00 /* VCExtensions */ = {
			isa = PBXGroup;
			children = (
				C23F7EF92A20C6C300BFAE00 /* SearchVC+SearchBarDelegate.swift */,
				C23F7EFB2A20CA9F00BFAE00 /* SearchVC+TableViewDelegate.swift */,
			);
			path = VCExtensions;
			sourceTree = "<group>";
		};
		C23F7EF02A208E1800BFAE00 /* Cell */ = {
			isa = PBXGroup;
			children = (
				C23F7EF22A20979F00BFAE00 /* TableViewCell.swift */,
			);
			path = Cell;
			sourceTree = "<group>";
		};
		C23F7EF12A208E1C00BFAE00 /* VCExtension */ = {
			isa = PBXGroup;
			children = (
				C23F7EF42A2097C600BFAE00 /* ForecastVC+TableView.swift */,
			);
			path = VCExtension;
			sourceTree = "<group>";
		};
		C23F7EF62A20B5CE00BFAE00 /* DescriptionTranslate */ = {
			isa = PBXGroup;
			children = (
				C23F7EF72A20B5EE00BFAE00 /* DescriptionTranslate.swift */,
			);
			path = DescriptionTranslate;
			sourceTree = "<group>";
		};
		C23F7F1F2A2145CF00BFAE00 /* DateFormatter */ = {
			isa = PBXGroup;
			children = (
				C23F7F202A2145E800BFAE00 /* DateFormatter.swift */,
			);
			path = DateFormatter;
			sourceTree = "<group>";
		};
		C247CA742A21DC0C00990E6C /* CoreDataService */ = {
			isa = PBXGroup;
			children = (
				C247CA752A21DCE000990E6C /* CoreDataStack.swift */,
				C247CA772A21DFDB00990E6C /* DataGateway.swift */,
			);
			path = CoreDataService;
			sourceTree = "<group>";
		};
		C247CA7F2A220CF800990E6C /* Strings */ = {
			isa = PBXGroup;
			children = (
				C247CA802A220D0400990E6C /* Strings.swift */,
			);
			path = Strings;
			sourceTree = "<group>";
		};
		C247CA822A22119500990E6C /* JustForButtonScene */ = {
			isa = PBXGroup;
			children = (
				C247CA832A2211B900990E6C /* JustForButtonScene.swift */,
			);
			path = JustForButtonScene;
			sourceTree = "<group>";
		};
		C2D424B62A1E6C01009D3E0F = {
			isa = PBXGroup;
			children = (
				C2D424C12A1E6C01009D3E0F /* Weather */,
				C2D424C02A1E6C01009D3E0F /* Products */,
			);
			sourceTree = "<group>";
		};
		C2D424C02A1E6C01009D3E0F /* Products */ = {
			isa = PBXGroup;
			children = (
				C2D424BF2A1E6C01009D3E0F /* Weather.app */,
			);
			name = Products;
			sourceTree = "<group>";
		};
		C2D424C12A1E6C01009D3E0F /* Weather */ = {
			isa = PBXGroup;
			children = (
				C2D424D92A1E6F20009D3E0F /* Src */,
			);
			path = Weather;
			sourceTree = "<group>";
		};
		C2D424D92A1E6F20009D3E0F /* Src */ = {
			isa = PBXGroup;
			children = (
				C2D424DE2A1E6FA9009D3E0F /* Scenes */,
				C23F7EB32A1F3DC600BFAE00 /* Services */,
				C2D424DB2A1E6F68009D3E0F /* Resources */,
				C23F7ECC2A1FA84100BFAE00 /* Utils */,
				C2D424DD2A1E6F9B009D3E0F /* Cashe */,
				C2D424DA2A1E6F5B009D3E0F /* AppDelegate */,
				C2D424DC2A1E6F8B009D3E0F /* Info */,
			);
			path = Src;
			sourceTree = "<group>";
		};
		C2D424DA2A1E6F5B009D3E0F /* AppDelegate */ = {
			isa = PBXGroup;
			children = (
				C2D424C22A1E6C01009D3E0F /* AppDelegate.swift */,
				C2D424C42A1E6C01009D3E0F /* SceneDelegate.swift */,
			);
			path = AppDelegate;
			sourceTree = "<group>";
		};
		C2D424DB2A1E6F68009D3E0F /* Resources */ = {
			isa = PBXGroup;
			children = (
				C247CA7F2A220CF800990E6C /* Strings */,
				C23F7EBE2A1F76F700BFAE00 /* Models */,
				C23F7EC32A1FA04500BFAE00 /* Fonts */,
				C2D424CE2A1E6C02009D3E0F /* Assets.xcassets */,
			);
			path = Resources;
			sourceTree = "<group>";
		};
		C2D424DC2A1E6F8B009D3E0F /* Info */ = {
			isa = PBXGroup;
			children = (
				C2D424D32A1E6C02009D3E0F /* Info.plist */,
			);
			path = Info;
			sourceTree = "<group>";
		};
		C2D424DD2A1E6F9B009D3E0F /* Cashe */ = {
			isa = PBXGroup;
			children = (
				C247CA792A21E4CA00990E6C /* Weather+CoreDataClass.swift */,
				C247CA7A2A21E4CA00990E6C /* Weather+CoreDataProperties.swift */,
				C2D424CB2A1E6C01009D3E0F /* Weather.xcdatamodeld */,
			);
			path = Cashe;
			sourceTree = "<group>";
		};
		C2D424DE2A1E6FA9009D3E0F /* Scenes */ = {
			isa = PBXGroup;
			children = (
				C2D424DF2A1E6FB2009D3E0F /* LaunchScreen */,
				C2D424E22A1E7019009D3E0F /* RootTabBarController */,
				C2D424E02A1E6FC4009D3E0F /* MainScene */,
				C247CA822A22119500990E6C /* JustForButtonScene */,
				C23F7ED62A1FDBD200BFAE00 /* SearchCityScene */,
				C2D424E12A1E6FF8009D3E0F /* ForecastScene */,
			);
			path = Scenes;
			sourceTree = "<group>";
		};
		C2D424DF2A1E6FB2009D3E0F /* LaunchScreen */ = {
			isa = PBXGroup;
			children = (
				C2D424D02A1E6C02009D3E0F /* LaunchScreen.storyboard */,
			);
			path = LaunchScreen;
			sourceTree = "<group>";
		};
		C2D424E02A1E6FC4009D3E0F /* MainScene */ = {
			isa = PBXGroup;
			children = (
				C23F7EBB2A1F515400BFAE00 /* VCExtensions */,
				C2239C862A1E7185008C3936 /* Protocols */,
				C2239C6F2A1E7167008C3936 /* MainRouter.swift */,
				C2239C702A1E7167008C3936 /* MainViewController.swift */,
				C2239C712A1E7167008C3936 /* MainPresenterImp.swift */,
				C2239C722A1E7167008C3936 /* MainConfigurator.swift */,
			);
			path = MainScene;
			sourceTree = "<group>";
		};
		C2D424E12A1E6FF8009D3E0F /* ForecastScene */ = {
			isa = PBXGroup;
			children = (
				C23F7EF12A208E1C00BFAE00 /* VCExtension */,
				C23F7EF02A208E1800BFAE00 /* Cell */,
				C2239C882A1E7199008C3936 /* Protocols */,
				C2239C7B2A1E717A008C3936 /* ForecastRouter.swift */,
				C2239C7C2A1E717A008C3936 /* ForecastViewController.swift */,
				C2239C7D2A1E717A008C3936 /* ForecastPresenterImp.swift */,
				C2239C7E2A1E717A008C3936 /* ForecastConfigurator.swift */,
			);
			path = ForecastScene;
			sourceTree = "<group>";
		};
		C2D424E22A1E7019009D3E0F /* RootTabBarController */ = {
			isa = PBXGroup;
			children = (
				C2D424E32A1E707C009D3E0F /* RootTabBarController.swift */,
			);
			path = RootTabBarController;
			sourceTree = "<group>";
		};
/* End PBXGroup section */

/* Begin PBXNativeTarget section */
		C2D424BE2A1E6C01009D3E0F /* Weather */ = {
			isa = PBXNativeTarget;
			buildConfigurationList = C2D424D62A1E6C02009D3E0F /* Build configuration list for PBXNativeTarget "Weather" */;
			buildPhases = (
				C2D424BB2A1E6C01009D3E0F /* Sources */,
				C2D424BC2A1E6C01009D3E0F /* Frameworks */,
				C2D424BD2A1E6C01009D3E0F /* Resources */,
			);
			buildRules = (
			);
			dependencies = (
			);
			name = Weather;
			productName = Weather;
			productReference = C2D424BF2A1E6C01009D3E0F /* Weather.app */;
			productType = "com.apple.product-type.application";
		};
/* End PBXNativeTarget section */

/* Begin PBXProject section */
		C2D424B72A1E6C01009D3E0F /* Project object */ = {
			isa = PBXProject;
			attributes = {
				BuildIndependentTargetsInParallel = 1;
				LastSwiftUpdateCheck = 1410;
				LastUpgradeCheck = 1410;
				TargetAttributes = {
					C2D424BE2A1E6C01009D3E0F = {
						CreatedOnToolsVersion = 14.1;
					};
				};
			};
			buildConfigurationList = C2D424BA2A1E6C01009D3E0F /* Build configuration list for PBXProject "Weather" */;
			compatibilityVersion = "Xcode 14.0";
			developmentRegion = en;
			hasScannedForEncodings = 0;
			knownRegions = (
				en,
				Base,
			);
			mainGroup = C2D424B62A1E6C01009D3E0F;
			productRefGroup = C2D424C02A1E6C01009D3E0F /* Products */;
			projectDirPath = "";
			projectRoot = "";
			targets = (
				C2D424BE2A1E6C01009D3E0F /* Weather */,
			);
		};
/* End PBXProject section */

/* Begin PBXResourcesBuildPhase section */
		C2D424BD2A1E6C01009D3E0F /* Resources */ = {
			isa = PBXResourcesBuildPhase;
			buildActionMask = 2147483647;
			files = (
				C23F7EC92A1FA0B900BFAE00 /* Montserrat-Bold.ttf in Resources */,
				C2D424D22A1E6C02009D3E0F /* LaunchScreen.storyboard in Resources */,
				C23F7EC72A1FA0B900BFAE00 /* Montserrat-Medium.ttf in Resources */,
				C23F7EC82A1FA0B900BFAE00 /* Montserrat-SemiBold.ttf in Resources */,
				C2D424CF2A1E6C02009D3E0F /* Assets.xcassets in Resources */,
			);
			runOnlyForDeploymentPostprocessing = 0;
		};
/* End PBXResourcesBuildPhase section */

/* Begin PBXSourcesBuildPhase section */
		C2D424BB2A1E6C01009D3E0F /* Sources */ = {
			isa = PBXSourcesBuildPhase;
			buildActionMask = 2147483647;
			files = (
				C23F7EB62A1F3EC400BFAE00 /* RequestManager.swift in Sources */,
				C23F7EDE2A1FDBEE00BFAE00 /* SearchCityRouter.swift in Sources */,
				C247CA842A2211B900990E6C /* JustForButtonScene.swift in Sources */,
				C2239C752A1E7167008C3936 /* MainRouter.swift in Sources */,
				C2239C782A1E7167008C3936 /* MainConfigurator.swift in Sources */,
				C23F7EF82A20B5EE00BFAE00 /* DescriptionTranslate.swift in Sources */,
				C2D424CD2A1E6C01009D3E0F /* Weather.xcdatamodeld in Sources */,
				C2239C842A1E717A008C3936 /* ForecastConfigurator.swift in Sources */,
				C2D424E42A1E707C009D3E0F /* RootTabBarController.swift in Sources */,
				C247CA782A21DFDB00990E6C /* DataGateway.swift in Sources */,
				C2239C772A1E7167008C3936 /* MainPresenterImp.swift in Sources */,
				C2239C8B2A1E71A6008C3936 /* ForecastPresenter.swift in Sources */,
				C23F7F022A20DDD600BFAE00 /* SearchResultTableViewCell.swift in Sources */,
				C23F7EFA2A20C6C300BFAE00 /* SearchVC+SearchBarDelegate.swift in Sources */,
				C2239C762A1E7167008C3936 /* MainViewController.swift in Sources */,
				C2D424C32A1E6C01009D3E0F /* AppDelegate.swift in Sources */,
				C23F7ED02A1FA8D700BFAE00 /* ExtButton.swift in Sources */,
				C247CA7E2A21F24A00990E6C /* MainVC+AlertController.swift in Sources */,
				C23F7EE02A1FDBEE00BFAE00 /* SearchCityPresenterImp.swift in Sources */,
				C23F7ECE2A1FA88100BFAE00 /* ExtLabel.swift in Sources */,
				C247CA7B2A21E4CA00990E6C /* Weather+CoreDataClass.swift in Sources */,
				C23F7EE72A1FDBFE00BFAE00 /* SearchCityPresenter.swift in Sources */,
				C23F7EC22A1F773B00BFAE00 /* WeatherModel.swift in Sources */,
				C23F7ED52A1FBC0D00BFAE00 /* ExtImageView.swift in Sources */,
				C247CA762A21DCE000990E6C /* CoreDataStack.swift in Sources */,
				C2239C902A1E71B8008C3936 /* MainView.swift in Sources */,
				C23F7ECB2A1FA6FC00BFAE00 /* MainVC+Views.swift in Sources */,
				C23F7EB82A1F3ED400BFAE00 /* ApiClient.swift in Sources */,
				C2239C822A1E717A008C3936 /* ForecastViewController.swift in Sources */,
				C23F7EBA2A1F3EE000BFAE00 /* RequestSettings.swift in Sources */,
				C2239C8F2A1E71B8008C3936 /* MainPresenter.swift in Sources */,
				C2239C812A1E717A008C3936 /* ForecastRouter.swift in Sources */,
				C23F7F212A2145E800BFAE00 /* DateFormatter.swift in Sources */,
				C23F7EDF2A1FDBEE00BFAE00 /* SearchCityViewController.swift in Sources */,
				C23F7EF52A2097C600BFAE00 /* ForecastVC+TableView.swift in Sources */,
				C23F7EE62A1FDBFE00BFAE00 /* SearchCityView.swift in Sources */,
				C23F7EE12A1FDBEE00BFAE00 /* SearchCityConfigurator.swift in Sources */,
				C23F7EBD2A1F518700BFAE00 /* MainVC+CLLocationManagerDelegate.swift in Sources */,
				C247CA812A220D0400990E6C /* Strings.swift in Sources */,
				C2239C8C2A1E71A6008C3936 /* ForecastView.swift in Sources */,
				C2239C832A1E717A008C3936 /* ForecastPresenterImp.swift in Sources */,
				C23F7EF32A20979F00BFAE00 /* TableViewCell.swift in Sources */,
				C247CA7C2A21E4CA00990E6C /* Weather+CoreDataProperties.swift in Sources */,
				C2D424C52A1E6C01009D3E0F /* SceneDelegate.swift in Sources */,
				C23F7EC02A1F770B00BFAE00 /* CityModel.swift in Sources */,
				C23F7EFC2A20CA9F00BFAE00 /* SearchVC+TableViewDelegate.swift in Sources */,
			);
			runOnlyForDeploymentPostprocessing = 0;
		};
/* End PBXSourcesBuildPhase section */

/* Begin PBXVariantGroup section */
		C2D424D02A1E6C02009D3E0F /* LaunchScreen.storyboard */ = {
			isa = PBXVariantGroup;
			children = (
				C2D424D12A1E6C02009D3E0F /* Base */,
			);
			name = LaunchScreen.storyboard;
			sourceTree = "<group>";
		};
/* End PBXVariantGroup section */

/* Begin XCBuildConfiguration section */
		C2D424D42A1E6C02009D3E0F /* Debug */ = {
			isa = XCBuildConfiguration;
			buildSettings = {
				ALWAYS_SEARCH_USER_PATHS = NO;
				CLANG_ANALYZER_NONNULL = YES;
				CLANG_ANALYZER_NUMBER_OBJECT_CONVERSION = YES_AGGRESSIVE;
				CLANG_CXX_LANGUAGE_STANDARD = "gnu++20";
				CLANG_ENABLE_MODULES = YES;
				CLANG_ENABLE_OBJC_ARC = YES;
				CLANG_ENABLE_OBJC_WEAK = YES;
				CLANG_WARN_BLOCK_CAPTURE_AUTORELEASING = YES;
				CLANG_WARN_BOOL_CONVERSION = YES;
				CLANG_WARN_COMMA = YES;
				CLANG_WARN_CONSTANT_CONVERSION = YES;
				CLANG_WARN_DEPRECATED_OBJC_IMPLEMENTATIONS = YES;
				CLANG_WARN_DIRECT_OBJC_ISA_USAGE = YES_ERROR;
				CLANG_WARN_DOCUMENTATION_COMMENTS = YES;
				CLANG_WARN_EMPTY_BODY = YES;
				CLANG_WARN_ENUM_CONVERSION = YES;
				CLANG_WARN_INFINITE_RECURSION = YES;
				CLANG_WARN_INT_CONVERSION = YES;
				CLANG_WARN_NON_LITERAL_NULL_CONVERSION = YES;
				CLANG_WARN_OBJC_IMPLICIT_RETAIN_SELF = YES;
				CLANG_WARN_OBJC_LITERAL_CONVERSION = YES;
				CLANG_WARN_OBJC_ROOT_CLASS = YES_ERROR;
				CLANG_WARN_QUOTED_INCLUDE_IN_FRAMEWORK_HEADER = YES;
				CLANG_WARN_RANGE_LOOP_ANALYSIS = YES;
				CLANG_WARN_STRICT_PROTOTYPES = YES;
				CLANG_WARN_SUSPICIOUS_MOVE = YES;
				CLANG_WARN_UNGUARDED_AVAILABILITY = YES_AGGRESSIVE;
				CLANG_WARN_UNREACHABLE_CODE = YES;
				CLANG_WARN__DUPLICATE_METHOD_MATCH = YES;
				COPY_PHASE_STRIP = NO;
				DEBUG_INFORMATION_FORMAT = dwarf;
				ENABLE_STRICT_OBJC_MSGSEND = YES;
				ENABLE_TESTABILITY = YES;
				GCC_C_LANGUAGE_STANDARD = gnu11;
				GCC_DYNAMIC_NO_PIC = NO;
				GCC_NO_COMMON_BLOCKS = YES;
				GCC_OPTIMIZATION_LEVEL = 0;
				GCC_PREPROCESSOR_DEFINITIONS = (
					"DEBUG=1",
					"$(inherited)",
				);
				GCC_WARN_64_TO_32_BIT_CONVERSION = YES;
				GCC_WARN_ABOUT_RETURN_TYPE = YES_ERROR;
				GCC_WARN_UNDECLARED_SELECTOR = YES;
				GCC_WARN_UNINITIALIZED_AUTOS = YES_AGGRESSIVE;
				GCC_WARN_UNUSED_FUNCTION = YES;
				GCC_WARN_UNUSED_VARIABLE = YES;
				IPHONEOS_DEPLOYMENT_TARGET = 16.1;
				MTL_ENABLE_DEBUG_INFO = INCLUDE_SOURCE;
				MTL_FAST_MATH = YES;
				ONLY_ACTIVE_ARCH = YES;
				SDKROOT = iphoneos;
				SWIFT_ACTIVE_COMPILATION_CONDITIONS = DEBUG;
				SWIFT_OPTIMIZATION_LEVEL = "-Onone";
			};
			name = Debug;
		};
		C2D424D52A1E6C02009D3E0F /* Release */ = {
			isa = XCBuildConfiguration;
			buildSettings = {
				ALWAYS_SEARCH_USER_PATHS = NO;
				CLANG_ANALYZER_NONNULL = YES;
				CLANG_ANALYZER_NUMBER_OBJECT_CONVERSION = YES_AGGRESSIVE;
				CLANG_CXX_LANGUAGE_STANDARD = "gnu++20";
				CLANG_ENABLE_MODULES = YES;
				CLANG_ENABLE_OBJC_ARC = YES;
				CLANG_ENABLE_OBJC_WEAK = YES;
				CLANG_WARN_BLOCK_CAPTURE_AUTORELEASING = YES;
				CLANG_WARN_BOOL_CONVERSION = YES;
				CLANG_WARN_COMMA = YES;
				CLANG_WARN_CONSTANT_CONVERSION = YES;
				CLANG_WARN_DEPRECATED_OBJC_IMPLEMENTATIONS = YES;
				CLANG_WARN_DIRECT_OBJC_ISA_USAGE = YES_ERROR;
				CLANG_WARN_DOCUMENTATION_COMMENTS = YES;
				CLANG_WARN_EMPTY_BODY = YES;
				CLANG_WARN_ENUM_CONVERSION = YES;
				CLANG_WARN_INFINITE_RECURSION = YES;
				CLANG_WARN_INT_CONVERSION = YES;
				CLANG_WARN_NON_LITERAL_NULL_CONVERSION = YES;
				CLANG_WARN_OBJC_IMPLICIT_RETAIN_SELF = YES;
				CLANG_WARN_OBJC_LITERAL_CONVERSION = YES;
				CLANG_WARN_OBJC_ROOT_CLASS = YES_ERROR;
				CLANG_WARN_QUOTED_INCLUDE_IN_FRAMEWORK_HEADER = YES;
				CLANG_WARN_RANGE_LOOP_ANALYSIS = YES;
				CLANG_WARN_STRICT_PROTOTYPES = YES;
				CLANG_WARN_SUSPICIOUS_MOVE = YES;
				CLANG_WARN_UNGUARDED_AVAILABILITY = YES_AGGRESSIVE;
				CLANG_WARN_UNREACHABLE_CODE = YES;
				CLANG_WARN__DUPLICATE_METHOD_MATCH = YES;
				COPY_PHASE_STRIP = NO;
				DEBUG_INFORMATION_FORMAT = "dwarf-with-dsym";
				ENABLE_NS_ASSERTIONS = NO;
				ENABLE_STRICT_OBJC_MSGSEND = YES;
				GCC_C_LANGUAGE_STANDARD = gnu11;
				GCC_NO_COMMON_BLOCKS = YES;
				GCC_WARN_64_TO_32_BIT_CONVERSION = YES;
				GCC_WARN_ABOUT_RETURN_TYPE = YES_ERROR;
				GCC_WARN_UNDECLARED_SELECTOR = YES;
				GCC_WARN_UNINITIALIZED_AUTOS = YES_AGGRESSIVE;
				GCC_WARN_UNUSED_FUNCTION = YES;
				GCC_WARN_UNUSED_VARIABLE = YES;
				IPHONEOS_DEPLOYMENT_TARGET = 16.1;
				MTL_ENABLE_DEBUG_INFO = NO;
				MTL_FAST_MATH = YES;
				SDKROOT = iphoneos;
				SWIFT_COMPILATION_MODE = wholemodule;
				SWIFT_OPTIMIZATION_LEVEL = "-O";
				VALIDATE_PRODUCT = YES;
			};
			name = Release;
		};
		C2D424D72A1E6C02009D3E0F /* Debug */ = {
			isa = XCBuildConfiguration;
			buildSettings = {
				ASSETCATALOG_COMPILER_APPICON_NAME = AppIcon;
				ASSETCATALOG_COMPILER_GLOBAL_ACCENT_COLOR_NAME = AccentColor;
				CODE_SIGN_STYLE = Automatic;
				CURRENT_PROJECT_VERSION = 1;
				DEVELOPMENT_TEAM = HX5B5J7WYA;
				GENERATE_INFOPLIST_FILE = YES;
				INFOPLIST_FILE = Weather/Src/Info/Info.plist;
				INFOPLIST_KEY_NSLocationAlwaysAndWhenInUseUsageDescription = "Нам нужен доступ к Вашей геолокации для определения точного прогноза погода для Вашего местоположения.";
				INFOPLIST_KEY_NSLocationWhenInUseUsageDescription = "Нам нужен доступ к Вашей геолокации для определения точного прогноза погода для Вашего местоположения.";
				INFOPLIST_KEY_UIApplicationSupportsIndirectInputEvents = YES;
				INFOPLIST_KEY_UILaunchStoryboardName = LaunchScreen;
				INFOPLIST_KEY_UISupportedInterfaceOrientations_iPad = "UIInterfaceOrientationPortrait UIInterfaceOrientationPortraitUpsideDown UIInterfaceOrientationLandscapeLeft UIInterfaceOrientationLandscapeRight";
				INFOPLIST_KEY_UISupportedInterfaceOrientations_iPhone = "UIInterfaceOrientationPortrait UIInterfaceOrientationLandscapeLeft UIInterfaceOrientationLandscapeRight";
				LD_RUNPATH_SEARCH_PATHS = (
					"$(inherited)",
					"@executable_path/Frameworks",
				);
				MARKETING_VERSION = 1.0;
				PRODUCT_BUNDLE_IDENTIFIER = local.Weather;
				PRODUCT_NAME = "$(TARGET_NAME)";
				SWIFT_EMIT_LOC_STRINGS = YES;
				SWIFT_VERSION = 5.0;
				TARGETED_DEVICE_FAMILY = "1,2";
			};
			name = Debug;
		};
		C2D424D82A1E6C02009D3E0F /* Release */ = {
			isa = XCBuildConfiguration;
			buildSettings = {
				ASSETCATALOG_COMPILER_APPICON_NAME = AppIcon;
				ASSETCATALOG_COMPILER_GLOBAL_ACCENT_COLOR_NAME = AccentColor;
				CODE_SIGN_STYLE = Automatic;
				CURRENT_PROJECT_VERSION = 1;
				DEVELOPMENT_TEAM = HX5B5J7WYA;
				GENERATE_INFOPLIST_FILE = YES;
				INFOPLIST_FILE = Weather/Src/Info/Info.plist;
				INFOPLIST_KEY_NSLocationAlwaysAndWhenInUseUsageDescription = "Нам нужен доступ к Вашей геолокации для определения точного прогноза погода для Вашего местоположения.";
				INFOPLIST_KEY_NSLocationWhenInUseUsageDescription = "Нам нужен доступ к Вашей геолокации для определения точного прогноза погода для Вашего местоположения.";
				INFOPLIST_KEY_UIApplicationSupportsIndirectInputEvents = YES;
				INFOPLIST_KEY_UILaunchStoryboardName = LaunchScreen;
				INFOPLIST_KEY_UISupportedInterfaceOrientations_iPad = "UIInterfaceOrientationPortrait UIInterfaceOrientationPortraitUpsideDown UIInterfaceOrientationLandscapeLeft UIInterfaceOrientationLandscapeRight";
				INFOPLIST_KEY_UISupportedInterfaceOrientations_iPhone = "UIInterfaceOrientationPortrait UIInterfaceOrientationLandscapeLeft UIInterfaceOrientationLandscapeRight";
				LD_RUNPATH_SEARCH_PATHS = (
					"$(inherited)",
					"@executable_path/Frameworks",
				);
				MARKETING_VERSION = 1.0;
				PRODUCT_BUNDLE_IDENTIFIER = local.Weather;
				PRODUCT_NAME = "$(TARGET_NAME)";
				SWIFT_EMIT_LOC_STRINGS = YES;
				SWIFT_VERSION = 5.0;
				TARGETED_DEVICE_FAMILY = "1,2";
			};
			name = Release;
		};
/* End XCBuildConfiguration section */

/* Begin XCConfigurationList section */
		C2D424BA2A1E6C01009D3E0F /* Build configuration list for PBXProject "Weather" */ = {
			isa = XCConfigurationList;
			buildConfigurations = (
				C2D424D42A1E6C02009D3E0F /* Debug */,
				C2D424D52A1E6C02009D3E0F /* Release */,
			);
			defaultConfigurationIsVisible = 0;
			defaultConfigurationName = Release;
		};
		C2D424D62A1E6C02009D3E0F /* Build configuration list for PBXNativeTarget "Weather" */ = {
			isa = XCConfigurationList;
			buildConfigurations = (
				C2D424D72A1E6C02009D3E0F /* Debug */,
				C2D424D82A1E6C02009D3E0F /* Release */,
			);
			defaultConfigurationIsVisible = 0;
			defaultConfigurationName = Release;
		};
/* End XCConfigurationList section */

/* Begin XCVersionGroup section */
		C2D424CB2A1E6C01009D3E0F /* Weather.xcdatamodeld */ = {
			isa = XCVersionGroup;
			children = (
				C2D424CC2A1E6C01009D3E0F /* Weather.xcdatamodel */,
			);
			currentVersion = C2D424CC2A1E6C01009D3E0F /* Weather.xcdatamodel */;
			path = Weather.xcdatamodeld;
			sourceTree = "<group>";
			versionGroupType = wrapper.xcdatamodel;
		};
/* End XCVersionGroup section */
	};
	rootObject = C2D424B72A1E6C01009D3E0F /* Project object */;
}
